{
  "name": "node-basic",
  "version": "1.0.0",
  "lockfileVersion": 3,
  "requires": true,
  "packages": {
    "": {
      "name": "node-basic",
      "version": "1.0.0",
      "license": "ISC",
      "dependencies": {
        "@decelerate/cruiseh": "^0.1.0-alpha.5"
      }
    },
    "node_modules/@decelerate/cruiseh": {
      "version": "0.1.0-alpha.5",
      "resolved": "https://registry.npmjs.org/@decelerate/cruiseh/-/cruiseh-0.1.0-alpha.5.tgz",
      "integrity": "sha512-ZnyNdsL1Z8Sfta8zNGzecURZtZJkCK2XFOuk/5Bm85qP/2Gi+Ej3eq2nglwz/L7FlgR1azbH3zd3ZUe2ocI4Og==",
      "license": "MIT"
    }
  }
}
