{
  "version": "4",
  "specifiers": {
    "jsr:@decelerate/cruiseh@0.1": "0.1.0"
  },
  "jsr": {
    "@decelerate/cruiseh@0.1.0": {
      "integrity": "a715422bada240f51737070bd57bb88239514d4233ac402077fef33e1d7555bd"
    }
  },
  "workspace": {
    "dependencies": [
      "jsr:@decelerate/cruiseh@0.1"
    ]
  }
}
